Microsoft Visual Studio Solution File, Format Version 12.00
# Visual Studio Version 16
VisualStudioVersion = 16.0.28922.388
MinimumVisualStudioVersion = 10.0.40219.1
Project("{9A19103F-16F7-4668-BE54-9A1E7A4F7556}") = "MonoDevelop.Xml.Tests", "Tests\MonoDevelop.Xml.Tests.csproj", "{DFE2B715-A5AC-4C34-87F8-B71E67786341}"
EndProject
Project("{9A19103F-16F7-4668-BE54-9A1E7A4F7556}") = "MonoDevelop.Xml", "Xml\MonoDevelop.Xml.csproj", "{DC05762C-0F2E-4238-BCFD-40347471B43A}"
EndProject
Project("{FAE04EC0-301F-11D3-BF4B-00C04F79EFBC}") = "MonoDevelop.Xml.Editor", "MonoDevelop.Xml.Editor\MonoDevelop.Xml.Editor.csproj", "{21DCB152-D50D-48E9-B1AA-FB341192D88F}"
EndProject
Global
	GlobalSection(SolutionConfigurationPlatforms) = preSolution
		Debug|Any CPU = Debug|Any CPU
		Release|Any CPU = Release|Any CPU
	EndGlobalSection
	GlobalSection(ProjectConfigurationPlatforms) = postSolution
		{DFE2B715-A5AC-4C34-87F8-B71E67786341}.Debug|Any CPU.ActiveCfg = Debug|Any CPU
		{DFE2B715-A5AC-4C34-87F8-B71E67786341}.Debug|Any CPU.Build.0 = Debug|Any CPU
		{DFE2B715-A5AC-4C34-87F8-B71E67786341}.Release|Any CPU.ActiveCfg = Release|Any CPU
		{DFE2B715-A5AC-4C34-87F8-B71E67786341}.Release|Any CPU.Build.0 = Release|Any CPU
		{DC05762C-0F2E-4238-BCFD-40347471B43A}.Debug|Any CPU.ActiveCfg = Debug|Any CPU
		{DC05762C-0F2E-4238-BCFD-40347471B43A}.Debug|Any CPU.Build.0 = Debug|Any CPU
		{DC05762C-0F2E-4238-BCFD-40347471B43A}.Release|Any CPU.ActiveCfg = Release|Any CPU
		{DC05762C-0F2E-4238-BCFD-40347471B43A}.Release|Any CPU.Build.0 = Release|Any CPU
		{21DCB152-D50D-48E9-B1AA-FB341192D88F}.Debug|Any CPU.ActiveCfg = Debug|Any CPU
		{21DCB152-D50D-48E9-B1AA-FB341192D88F}.Debug|Any CPU.Build.0 = Debug|Any CPU
		{21DCB152-D50D-48E9-B1AA-FB341192D88F}.Release|Any CPU.ActiveCfg = Release|Any CPU
		{21DCB152-D50D-48E9-B1AA-FB341192D88F}.Release|Any CPU.Build.0 = Release|Any CPU
	EndGlobalSection
	GlobalSection(SolutionProperties) = preSolution
		HideSolutionNode = FALSE
	EndGlobalSection
	GlobalSection(ExtensibilityGlobals) = postSolution
		SolutionGuid = {3E807A07-E13F-45E8-A2A6-A4DEAB8BEE06}
	EndGlobalSection
	GlobalSection(MonoDevelopProperties) = preSolution
		Policies = $0
		$0.TextStylePolicy = $3
		$1.inheritsSet = null
		$1.scope = text/x-csharp
		$0.CSharpFormattingPolicy = $2
		$2.scope = text/x-csharp
		$3.scope = text/plain
	EndGlobalSection
EndGlobal
